
Microsoft Visual Studio Solution File, Format Version 12.00
# Visual Studio 14
VisualStudioVersion = 14.0.24720.0
MinimumVisualStudioVersion = 10.0.40219.1
Project("{FAE04EC0-301F-11D3-BF4B-00C04F79EFBC}") = "Circles.Droid", "Circles\Circles.Droid\Circles.Droid.csproj", "{4403D6B8-D226-42CE-A108-42FADD2BEF7F}"
EndProject
Project("{FAE04EC0-301F-11D3-BF4B-00C04F79EFBC}") = "Circles.iOS", "Circles\Circles.iOS\Circles.iOS.csproj", "{67143D0D-EB65-4E2A-B127-D3B7B785DCA1}"
EndProject
Project("{FAE04EC0-301F-11D3-BF4B-00C04F79EFBC}") = "Circles.WinPhone", "Circles\Circles.WinPhone\Circles.WinPhone.csproj", "{1EC8955A-9692-409E-AC20-C90AE4095888}"
EndProject
Project("{FAE04EC0-301F-11D3-BF4B-00C04F79EFBC}") = "Circles.Windows", "Circles\Circles.Windows\Circles.Windows.csproj", "{725D9F01-C17D-4292-BE4C-8C21582474DD}"
EndProject
Project("{FAE04EC0-301F-11D3-BF4B-00C04F79EFBC}") = "Circles", "Circles\Circles\Circles.csproj", "{7DB90A0F-399B-43CF-B702-D7FDC4AA7D11}"
EndProject
Global
	GlobalSection(SolutionConfigurationPlatforms) = preSolution
		Ad-Hoc|Any CPU = Ad-Hoc|Any CPU
		Ad-Hoc|ARM = Ad-Hoc|ARM
		Ad-Hoc|iPhone = Ad-Hoc|iPhone
		Ad-Hoc|iPhoneSimulator = Ad-Hoc|iPhoneSimulator
		Ad-Hoc|x64 = Ad-Hoc|x64
		Ad-Hoc|x86 = Ad-Hoc|x86
		AppStore|Any CPU = AppStore|Any CPU
		AppStore|ARM = AppStore|ARM
		AppStore|iPhone = AppStore|iPhone
		AppStore|iPhoneSimulator = AppStore|iPhoneSimulator
		AppStore|x64 = AppStore|x64
		AppStore|x86 = AppStore|x86
		Debug|Any CPU = Debug|Any CPU
		Debug|ARM = Debug|ARM
		Debug|iPhone = Debug|iPhone
		Debug|iPhoneSimulator = Debug|iPhoneSimulator
		Debug|x64 = Debug|x64
		Debug|x86 = Debug|x86
		Release|Any CPU = Release|Any CPU
		Release|ARM = Release|ARM
		Release|iPhone = Release|iPhone
		Release|iPhoneSimulator = Release|iPhoneSimulator
		Release|x64 = Release|x64
		Release|x86 = Release|x86
	EndGlobalSection
	GlobalSection(ProjectConfigurationPlatforms) = postSolution
		{4403D6B8-D226-42CE-A108-42FADD2BEF7F}.Ad-Hoc|Any CPU.ActiveCfg = Release|Any CPU
		{4403D6B8-D226-42CE-A108-42FADD2BEF7F}.Ad-Hoc|Any CPU.Build.0 = Release|Any CPU
		{4403D6B8-D226-42CE-A108-42FADD2BEF7F}.Ad-Hoc|Any CPU.Deploy.0 = Release|Any CPU
		{4403D6B8-D226-42CE-A108-42FADD2BEF7F}.Ad-Hoc|ARM.ActiveCfg = Release|Any CPU
		{4403D6B8-D226-42CE-A108-42FADD2BEF7F}.Ad-Hoc|ARM.Build.0 = Release|Any CPU
		{4403D6B8-D226-42CE-A108-42FADD2BEF7F}.Ad-Hoc|ARM.Deploy.0 = Release|Any CPU
		{4403D6B8-D226-42CE-A108-42FADD2BEF7F}.Ad-Hoc|iPhone.ActiveCfg = Release|Any CPU
		{4403D6B8-D226-42CE-A108-42FADD2BEF7F}.Ad-Hoc|iPhone.Build.0 = Release|Any CPU
		{4403D6B8-D226-42CE-A108-42FADD2BEF7F}.Ad-Hoc|iPhone.Deploy.0 = Release|Any CPU
		{4403D6B8-D226-42CE-A108-42FADD2BEF7F}.Ad-Hoc|iPhoneSimulator.ActiveCfg = Release|Any CPU
		{4403D6B8-D226-42CE-A108-42FADD2BEF7F}.Ad-Hoc|iPhoneSimulator.Build.0 = Release|Any CPU
		{4403D6B8-D226-42CE-A108-42FADD2BEF7F}.Ad-Hoc|iPhoneSimulator.Deploy.0 = Release|Any CPU
		{4403D6B8-D226-42CE-A108-42FADD2BEF7F}.Ad-Hoc|x64.ActiveCfg = Release|Any CPU
		{4403D6B8-D226-42CE-A108-42FADD2BEF7F}.Ad-Hoc|x64.Build.0 = Release|Any CPU
		{4403D6B8-D226-42CE-A108-42FADD2BEF7F}.Ad-Hoc|x64.Deploy.0 = Release|Any CPU
		{4403D6B8-D226-42CE-A108-42FADD2BEF7F}.Ad-Hoc|x86.ActiveCfg = Release|Any CPU
		{4403D6B8-D226-42CE-A108-42FADD2BEF7F}.Ad-Hoc|x86.Build.0 = Release|Any CPU
		{4403D6B8-D226-42CE-A108-42FADD2BEF7F}.Ad-Hoc|x86.Deploy.0 = Release|Any CPU
		{4403D6B8-D226-42CE-A108-42FADD2BEF7F}.AppStore|Any CPU.ActiveCfg = Release|Any CPU
		{4403D6B8-D226-42CE-A108-42FADD2BEF7F}.AppStore|Any CPU.Build.0 = Release|Any CPU
		{4403D6B8-D226-42CE-A108-42FADD2BEF7F}.AppStore|Any CPU.Deploy.0 = Release|Any CPU
		{4403D6B8-D226-42CE-A108-42FADD2BEF7F}.AppStore|ARM.ActiveCfg = Release|Any CPU
		{4403D6B8-D226-42CE-A108-42FADD2BEF7F}.AppStore|ARM.Build.0 = Release|Any CPU
		{4403D6B8-D226-42CE-A108-42FADD2BEF7F}.AppStore|ARM.Deploy.0 = Release|Any CPU
		{4403D6B8-D226-42CE-A108-42FADD2BEF7F}.AppStore|iPhone.ActiveCfg = Release|Any CPU
		{4403D6B8-D226-42CE-A108-42FADD2BEF7F}.AppStore|iPhone.Build.0 = Release|Any CPU
		{4403D6B8-D226-42CE-A108-42FADD2BEF7F}.AppStore|iPhone.Deploy.0 = Release|Any CPU
		{4403D6B8-D226-42CE-A108-42FADD2BEF7F}.AppStore|iPhoneSimulator.ActiveCfg = Release|Any CPU
		{4403D6B8-D226-42CE-A108-42FADD2BEF7F}.AppStore|iPhoneSimulator.Build.0 = Release|Any CPU
		{4403D6B8-D226-42CE-A108-42FADD2BEF7F}.AppStore|iPhoneSimulator.Deploy.0 = Release|Any CPU
		{4403D6B8-D226-42CE-A108-42FADD2BEF7F}.AppStore|x64.ActiveCfg = Release|Any CPU
		{4403D6B8-D226-42CE-A108-42FADD2BEF7F}.AppStore|x64.Build.0 = Release|Any CPU
		{4403D6B8-D226-42CE-A108-42FADD2BEF7F}.AppStore|x64.Deploy.0 = Release|Any CPU
		{4403D6B8-D226-42CE-A108-42FADD2BEF7F}.AppStore|x86.ActiveCfg = Release|Any CPU
		{4403D6B8-D226-42CE-A108-42FADD2BEF7F}.AppStore|x86.Build.0 = Release|Any CPU
		{4403D6B8-D226-42CE-A108-42FADD2BEF7F}.AppStore|x86.Deploy.0 = Release|Any CPU
		{4403D6B8-D226-42CE-A108-42FADD2BEF7F}.Debug|Any CPU.ActiveCfg = Debug|Any CPU
		{4403D6B8-D226-42CE-A108-42FADD2BEF7F}.Debug|Any CPU.Build.0 = Debug|Any CPU
		{4403D6B8-D226-42CE-A108-42FADD2BEF7F}.Debug|Any CPU.Deploy.0 = Debug|Any CPU
		{4403D6B8-D226-42CE-A108-42FADD2BEF7F}.Debug|ARM.ActiveCfg = Debug|Any CPU
		{4403D6B8-D226-42CE-A108-42FADD2BEF7F}.Debug|ARM.Build.0 = Debug|Any CPU
		{4403D6B8-D226-42CE-A108-42FADD2BEF7F}.Debug|ARM.Deploy.0 = Debug|Any CPU
		{4403D6B8-D226-42CE-A108-42FADD2BEF7F}.Debug|iPhone.ActiveCfg = Debug|Any CPU
		{4403D6B8-D226-42CE-A108-42FADD2BEF7F}.Debug|iPhone.Build.0 = Debug|Any CPU
		{4403D6B8-D226-42CE-A108-42FADD2BEF7F}.Debug|iPhone.Deploy.0 = Debug|Any CPU
		{4403D6B8-D226-42CE-A108-42FADD2BEF7F}.Debug|iPhoneSimulator.ActiveCfg = Debug|Any CPU
		{4403D6B8-D226-42CE-A108-42FADD2BEF7F}.Debug|iPhoneSimulator.Build.0 = Debug|Any CPU
		{4403D6B8-D226-42CE-A108-42FADD2BEF7F}.Debug|iPhoneSimulator.Deploy.0 = Debug|Any CPU
		{4403D6B8-D226-42CE-A108-42FADD2BEF7F}.Debug|x64.ActiveCfg = Debug|Any CPU
		{4403D6B8-D226-42CE-A108-42FADD2BEF7F}.Debug|x64.Build.0 = Debug|Any CPU
		{4403D6B8-D226-42CE-A108-42FADD2BEF7F}.Debug|x64.Deploy.0 = Debug|Any CPU
		{4403D6B8-D226-42CE-A108-42FADD2BEF7F}.Debug|x86.ActiveCfg = Debug|Any CPU
		{4403D6B8-D226-42CE-A108-42FADD2BEF7F}.Debug|x86.Build.0 = Debug|Any CPU
		{4403D6B8-D226-42CE-A108-42FADD2BEF7F}.Debug|x86.Deploy.0 = Debug|Any CPU
		{4403D6B8-D226-42CE-A108-42FADD2BEF7F}.Release|Any CPU.ActiveCfg = Release|Any CPU
		{4403D6B8-D226-42CE-A108-42FADD2BEF7F}.Release|Any CPU.Build.0 = Release|Any CPU
		{4403D6B8-D226-42CE-A108-42FADD2BEF7F}.Release|Any CPU.Deploy.0 = Release|Any CPU
		{4403D6B8-D226-42CE-A108-42FADD2BEF7F}.Release|ARM.ActiveCfg = Release|Any CPU
		{4403D6B8-D226-42CE-A108-42FADD2BEF7F}.Release|ARM.Build.0 = Release|Any CPU
		{4403D6B8-D226-42CE-A108-42FADD2BEF7F}.Release|ARM.Deploy.0 = Release|Any CPU
		{4403D6B8-D226-42CE-A108-42FADD2BEF7F}.Release|iPhone.ActiveCfg = Release|Any CPU
		{4403D6B8-D226-42CE-A108-42FADD2BEF7F}.Release|iPhone.Build.0 = Release|Any CPU
		{4403D6B8-D226-42CE-A108-42FADD2BEF7F}.Release|iPhone.Deploy.0 = Release|Any CPU
		{4403D6B8-D226-42CE-A108-42FADD2BEF7F}.Release|iPhoneSimulator.ActiveCfg = Release|Any CPU
		{4403D6B8-D226-42CE-A108-42FADD2BEF7F}.Release|iPhoneSimulator.Build.0 = Release|Any CPU
		{4403D6B8-D226-42CE-A108-42FADD2BEF7F}.Release|iPhoneSimulator.Deploy.0 = Release|Any CPU
		{4403D6B8-D226-42CE-A108-42FADD2BEF7F}.Release|x64.ActiveCfg = Release|Any CPU
		{4403D6B8-D226-42CE-A108-42FADD2BEF7F}.Release|x64.Build.0 = Release|Any CPU
		{4403D6B8-D226-42CE-A108-42FADD2BEF7F}.Release|x64.Deploy.0 = Release|Any CPU
		{4403D6B8-D226-42CE-A108-42FADD2BEF7F}.Release|x86.ActiveCfg = Release|Any CPU
		{4403D6B8-D226-42CE-A108-42FADD2BEF7F}.Release|x86.Build.0 = Release|Any CPU
		{4403D6B8-D226-42CE-A108-42FADD2BEF7F}.Release|x86.Deploy.0 = Release|Any CPU
		{67143D0D-EB65-4E2A-B127-D3B7B785DCA1}.Ad-Hoc|Any CPU.ActiveCfg = Ad-Hoc|iPhone
		{67143D0D-EB65-4E2A-B127-D3B7B785DCA1}.Ad-Hoc|ARM.ActiveCfg = Ad-Hoc|iPhone
		{67143D0D-EB65-4E2A-B127-D3B7B785DCA1}.Ad-Hoc|iPhone.ActiveCfg = Ad-Hoc|iPhone
		{67143D0D-EB65-4E2A-B127-D3B7B785DCA1}.Ad-Hoc|iPhone.Build.0 = Ad-Hoc|iPhone
		{67143D0D-EB65-4E2A-B127-D3B7B785DCA1}.Ad-Hoc|iPhoneSimulator.ActiveCfg = Ad-Hoc|iPhoneSimulator
		{67143D0D-EB65-4E2A-B127-D3B7B785DCA1}.Ad-Hoc|iPhoneSimulator.Build.0 = Ad-Hoc|iPhoneSimulator
		{67143D0D-EB65-4E2A-B127-D3B7B785DCA1}.Ad-Hoc|x64.ActiveCfg = Ad-Hoc|iPhone
		{67143D0D-EB65-4E2A-B127-D3B7B785DCA1}.Ad-Hoc|x86.ActiveCfg = Ad-Hoc|iPhone
		{67143D0D-EB65-4E2A-B127-D3B7B785DCA1}.AppStore|Any CPU.ActiveCfg = AppStore|iPhone
		{67143D0D-EB65-4E2A-B127-D3B7B785DCA1}.AppStore|ARM.ActiveCfg = AppStore|iPhone
		{67143D0D-EB65-4E2A-B127-D3B7B785DCA1}.AppStore|iPhone.ActiveCfg = AppStore|iPhone
		{67143D0D-EB65-4E2A-B127-D3B7B785DCA1}.AppStore|iPhone.Build.0 = AppStore|iPhone
		{67143D0D-EB65-4E2A-B127-D3B7B785DCA1}.AppStore|iPhoneSimulator.ActiveCfg = AppStore|iPhoneSimulator
		{67143D0D-EB65-4E2A-B127-D3B7B785DCA1}.AppStore|iPhoneSimulator.Build.0 = AppStore|iPhoneSimulator
		{67143D0D-EB65-4E2A-B127-D3B7B785DCA1}.AppStore|x64.ActiveCfg = AppStore|iPhone
		{67143D0D-EB65-4E2A-B127-D3B7B785DCA1}.AppStore|x86.ActiveCfg = AppStore|iPhone
		{67143D0D-EB65-4E2A-B127-D3B7B785DCA1}.Debug|Any CPU.ActiveCfg = Debug|iPhone
		{67143D0D-EB65-4E2A-B127-D3B7B785DCA1}.Debug|ARM.ActiveCfg = Debug|iPhone
		{67143D0D-EB65-4E2A-B127-D3B7B785DCA1}.Debug|iPhone.ActiveCfg = Debug|iPhone
		{67143D0D-EB65-4E2A-B127-D3B7B785DCA1}.Debug|iPhone.Build.0 = Debug|iPhone
		{67143D0D-EB65-4E2A-B127-D3B7B785DCA1}.Debug|iPhoneSimulator.ActiveCfg = Debug|iPhoneSimulator
		{67143D0D-EB65-4E2A-B127-D3B7B785DCA1}.Debug|iPhoneSimulator.Build.0 = Debug|iPhoneSimulator
		{67143D0D-EB65-4E2A-B127-D3B7B785DCA1}.Debug|x64.ActiveCfg = Debug|iPhone
		{67143D0D-EB65-4E2A-B127-D3B7B785DCA1}.Debug|x86.ActiveCfg = Debug|iPhone
		{67143D0D-EB65-4E2A-B127-D3B7B785DCA1}.Release|Any CPU.ActiveCfg = Release|iPhone
		{67143D0D-EB65-4E2A-B127-D3B7B785DCA1}.Release|ARM.ActiveCfg = Release|iPhone
		{67143D0D-EB65-4E2A-B127-D3B7B785DCA1}.Release|iPhone.ActiveCfg = Release|iPhone
		{67143D0D-EB65-4E2A-B127-D3B7B785DCA1}.Release|iPhone.Build.0 = Release|iPhone
		{67143D0D-EB65-4E2A-B127-D3B7B785DCA1}.Release|iPhoneSimulator.ActiveCfg = Release|iPhoneSimulator
		{67143D0D-EB65-4E2A-B127-D3B7B785DCA1}.Release|iPhoneSimulator.Build.0 = Release|iPhoneSimulator
		{67143D0D-EB65-4E2A-B127-D3B7B785DCA1}.Release|x64.ActiveCfg = Release|iPhone
		{67143D0D-EB65-4E2A-B127-D3B7B785DCA1}.Release|x86.ActiveCfg = Release|iPhone
		{1EC8955A-9692-409E-AC20-C90AE4095888}.Ad-Hoc|Any CPU.ActiveCfg = Release|Any CPU
		{1EC8955A-9692-409E-AC20-C90AE4095888}.Ad-Hoc|Any CPU.Build.0 = Release|Any CPU
		{1EC8955A-9692-409E-AC20-C90AE4095888}.Ad-Hoc|Any CPU.Deploy.0 = Release|Any CPU
		{1EC8955A-9692-409E-AC20-C90AE4095888}.Ad-Hoc|ARM.ActiveCfg = Release|ARM
		{1EC8955A-9692-409E-AC20-C90AE4095888}.Ad-Hoc|ARM.Build.0 = Release|ARM
		{1EC8955A-9692-409E-AC20-C90AE4095888}.Ad-Hoc|ARM.Deploy.0 = Release|ARM
		{1EC8955A-9692-409E-AC20-C90AE4095888}.Ad-Hoc|iPhone.ActiveCfg = Release|Any CPU
		{1EC8955A-9692-409E-AC20-C90AE4095888}.Ad-Hoc|iPhone.Build.0 = Release|Any CPU
		{1EC8955A-9692-409E-AC20-C90AE4095888}.Ad-Hoc|iPhone.Deploy.0 = Release|Any CPU
		{1EC8955A-9692-409E-AC20-C90AE4095888}.Ad-Hoc|iPhoneSimulator.ActiveCfg = Release|Any CPU
		{1EC8955A-9692-409E-AC20-C90AE4095888}.Ad-Hoc|iPhoneSimulator.Build.0 = Release|Any CPU
		{1EC8955A-9692-409E-AC20-C90AE4095888}.Ad-Hoc|iPhoneSimulator.Deploy.0 = Release|Any CPU
		{1EC8955A-9692-409E-AC20-C90AE4095888}.Ad-Hoc|x64.ActiveCfg = Release|Any CPU
		{1EC8955A-9692-409E-AC20-C90AE4095888}.Ad-Hoc|x64.Build.0 = Release|Any CPU
		{1EC8955A-9692-409E-AC20-C90AE4095888}.Ad-Hoc|x64.Deploy.0 = Release|Any CPU
		{1EC8955A-9692-409E-AC20-C90AE4095888}.Ad-Hoc|x86.ActiveCfg = Release|x86
		{1EC8955A-9692-409E-AC20-C90AE4095888}.Ad-Hoc|x86.Build.0 = Release|x86
		{1EC8955A-9692-409E-AC20-C90AE4095888}.Ad-Hoc|x86.Deploy.0 = Release|x86
		{1EC8955A-9692-409E-AC20-C90AE4095888}.AppStore|Any CPU.ActiveCfg = Release|Any CPU
		{1EC8955A-9692-409E-AC20-C90AE4095888}.AppStore|Any CPU.Build.0 = Release|Any CPU
		{1EC8955A-9692-409E-AC20-C90AE4095888}.AppStore|Any CPU.Deploy.0 = Release|Any CPU
		{1EC8955A-9692-409E-AC20-C90AE4095888}.AppStore|ARM.ActiveCfg = Release|ARM
		{1EC8955A-9692-409E-AC20-C90AE4095888}.AppStore|ARM.Build.0 = Release|ARM
		{1EC8955A-9692-409E-AC20-C90AE4095888}.AppStore|ARM.Deploy.0 = Release|ARM
		{1EC8955A-9692-409E-AC20-C90AE4095888}.AppStore|iPhone.ActiveCfg = Release|Any CPU
		{1EC8955A-9692-409E-AC20-C90AE4095888}.AppStore|iPhone.Build.0 = Release|Any CPU
		{1EC8955A-9692-409E-AC20-C90AE4095888}.AppStore|iPhone.Deploy.0 = Release|Any CPU
		{1EC8955A-9692-409E-AC20-C90AE4095888}.AppStore|iPhoneSimulator.ActiveCfg = Release|Any CPU
		{1EC8955A-9692-409E-AC20-C90AE4095888}.AppStore|iPhoneSimulator.Build.0 = Release|Any CPU
		{1EC8955A-9692-409E-AC20-C90AE4095888}.AppStore|iPhoneSimulator.Deploy.0 = Release|Any CPU
		{1EC8955A-9692-409E-AC20-C90AE4095888}.AppStore|x64.ActiveCfg = Release|Any CPU
		{1EC8955A-9692-409E-AC20-C90AE4095888}.AppStore|x64.Build.0 = Release|Any CPU
		{1EC8955A-9692-409E-AC20-C90AE4095888}.AppStore|x64.Deploy.0 = Release|Any CPU
		{1EC8955A-9692-409E-AC20-C90AE4095888}.AppStore|x86.ActiveCfg = Release|x86
		{1EC8955A-9692-409E-AC20-C90AE4095888}.AppStore|x86.Build.0 = Release|x86
		{1EC8955A-9692-409E-AC20-C90AE4095888}.AppStore|x86.Deploy.0 = Release|x86
		{1EC8955A-9692-409E-AC20-C90AE4095888}.Debug|Any CPU.ActiveCfg = Debug|Any CPU
		{1EC8955A-9692-409E-AC20-C90AE4095888}.Debug|Any CPU.Build.0 = Debug|Any CPU
		{1EC8955A-9692-409E-AC20-C90AE4095888}.Debug|Any CPU.Deploy.0 = Debug|Any CPU
		{1EC8955A-9692-409E-AC20-C90AE4095888}.Debug|ARM.ActiveCfg = Debug|ARM
		{1EC8955A-9692-409E-AC20-C90AE4095888}.Debug|ARM.Build.0 = Debug|ARM
		{1EC8955A-9692-409E-AC20-C90AE4095888}.Debug|ARM.Deploy.0 = Debug|ARM
		{1EC8955A-9692-409E-AC20-C90AE4095888}.Debug|iPhone.ActiveCfg = Debug|Any CPU
		{1EC8955A-9692-409E-AC20-C90AE4095888}.Debug|iPhone.Build.0 = Debug|Any CPU
		{1EC8955A-9692-409E-AC20-C90AE4095888}.Debug|iPhone.Deploy.0 = Debug|Any CPU
		{1EC8955A-9692-409E-AC20-C90AE4095888}.Debug|iPhoneSimulator.ActiveCfg = Debug|Any CPU
		{1EC8955A-9692-409E-AC20-C90AE4095888}.Debug|iPhoneSimulator.Build.0 = Debug|Any CPU
		{1EC8955A-9692-409E-AC20-C90AE4095888}.Debug|iPhoneSimulator.Deploy.0 = Debug|Any CPU
		{1EC8955A-9692-409E-AC20-C90AE4095888}.Debug|x64.ActiveCfg = Debug|Any CPU
		{1EC8955A-9692-409E-AC20-C90AE4095888}.Debug|x64.Build.0 = Debug|Any CPU
		{1EC8955A-9692-409E-AC20-C90AE4095888}.Debug|x64.Deploy.0 = Debug|Any CPU
		{1EC8955A-9692-409E-AC20-C90AE4095888}.Debug|x86.ActiveCfg = Debug|x86
		{1EC8955A-9692-409E-AC20-C90AE4095888}.Debug|x86.Build.0 = Debug|x86
		{1EC8955A-9692-409E-AC20-C90AE4095888}.Debug|x86.Deploy.0 = Debug|x86
		{1EC8955A-9692-409E-AC20-C90AE4095888}.Release|Any CPU.ActiveCfg = Release|Any CPU
		{1EC8955A-9692-409E-AC20-C90AE4095888}.Release|Any CPU.Build.0 = Release|Any CPU
		{1EC8955A-9692-409E-AC20-C90AE4095888}.Release|Any CPU.Deploy.0 = Release|Any CPU
		{1EC8955A-9692-409E-AC20-C90AE4095888}.Release|ARM.ActiveCfg = Release|ARM
		{1EC8955A-9692-409E-AC20-C90AE4095888}.Release|ARM.Build.0 = Release|ARM
		{1EC8955A-9692-409E-AC20-C90AE4095888}.Release|ARM.Deploy.0 = Release|ARM
		{1EC8955A-9692-409E-AC20-C90AE4095888}.Release|iPhone.ActiveCfg = Release|Any CPU
		{1EC8955A-9692-409E-AC20-C90AE4095888}.Release|iPhone.Build.0 = Release|Any CPU
		{1EC8955A-9692-409E-AC20-C90AE4095888}.Release|iPhone.Deploy.0 = Release|Any CPU
		{1EC8955A-9692-409E-AC20-C90AE4095888}.Release|iPhoneSimulator.ActiveCfg = Release|Any CPU
		{1EC8955A-9692-409E-AC20-C90AE4095888}.Release|iPhoneSimulator.Build.0 = Release|Any CPU
		{1EC8955A-9692-409E-AC20-C90AE4095888}.Release|iPhoneSimulator.Deploy.0 = Release|Any CPU
		{1EC8955A-9692-409E-AC20-C90AE4095888}.Release|x64.ActiveCfg = Release|Any CPU
		{1EC8955A-9692-409E-AC20-C90AE4095888}.Release|x64.Build.0 = Release|Any CPU
		{1EC8955A-9692-409E-AC20-C90AE4095888}.Release|x64.Deploy.0 = Release|Any CPU
		{1EC8955A-9692-409E-AC20-C90AE4095888}.Release|x86.ActiveCfg = Release|x86
		{1EC8955A-9692-409E-AC20-C90AE4095888}.Release|x86.Build.0 = Release|x86
		{1EC8955A-9692-409E-AC20-C90AE4095888}.Release|x86.Deploy.0 = Release|x86
		{725D9F01-C17D-4292-BE4C-8C21582474DD}.Ad-Hoc|Any CPU.ActiveCfg = Release|Any CPU
		{725D9F01-C17D-4292-BE4C-8C21582474DD}.Ad-Hoc|Any CPU.Build.0 = Release|Any CPU
		{725D9F01-C17D-4292-BE4C-8C21582474DD}.Ad-Hoc|Any CPU.Deploy.0 = Release|Any CPU
		{725D9F01-C17D-4292-BE4C-8C21582474DD}.Ad-Hoc|ARM.ActiveCfg = Release|ARM
		{725D9F01-C17D-4292-BE4C-8C21582474DD}.Ad-Hoc|ARM.Build.0 = Release|ARM
		{725D9F01-C17D-4292-BE4C-8C21582474DD}.Ad-Hoc|ARM.Deploy.0 = Release|ARM
		{725D9F01-C17D-4292-BE4C-8C21582474DD}.Ad-Hoc|iPhone.ActiveCfg = Release|Any CPU
		{725D9F01-C17D-4292-BE4C-8C21582474DD}.Ad-Hoc|iPhone.Build.0 = Release|Any CPU
		{725D9F01-C17D-4292-BE4C-8C21582474DD}.Ad-Hoc|iPhone.Deploy.0 = Release|Any CPU
		{725D9F01-C17D-4292-BE4C-8C21582474DD}.Ad-Hoc|iPhoneSimulator.ActiveCfg = Release|Any CPU
		{725D9F01-C17D-4292-BE4C-8C21582474DD}.Ad-Hoc|iPhoneSimulator.Build.0 = Release|Any CPU
		{725D9F01-C17D-4292-BE4C-8C21582474DD}.Ad-Hoc|iPhoneSimulator.Deploy.0 = Release|Any CPU
		{725D9F01-C17D-4292-BE4C-8C21582474DD}.Ad-Hoc|x64.ActiveCfg = Release|x64
		{725D9F01-C17D-4292-BE4C-8C21582474DD}.Ad-Hoc|x64.Build.0 = Release|x64
		{725D9F01-C17D-4292-BE4C-8C21582474DD}.Ad-Hoc|x64.Deploy.0 = Release|x64
		{725D9F01-C17D-4292-BE4C-8C21582474DD}.Ad-Hoc|x86.ActiveCfg = Release|x86
		{725D9F01-C17D-4292-BE4C-8C21582474DD}.Ad-Hoc|x86.Build.0 = Release|x86
		{725D9F01-C17D-4292-BE4C-8C21582474DD}.Ad-Hoc|x86.Deploy.0 = Release|x86
		{725D9F01-C17D-4292-BE4C-8C21582474DD}.AppStore|Any CPU.ActiveCfg = Release|Any CPU
		{725D9F01-C17D-4292-BE4C-8C21582474DD}.AppStore|Any CPU.Build.0 = Release|Any CPU
		{725D9F01-C17D-4292-BE4C-8C21582474DD}.AppStore|Any CPU.Deploy.0 = Release|Any CPU
		{725D9F01-C17D-4292-BE4C-8C21582474DD}.AppStore|ARM.ActiveCfg = Release|ARM
		{725D9F01-C17D-4292-BE4C-8C21582474DD}.AppStore|ARM.Build.0 = Release|ARM
		{725D9F01-C17D-4292-BE4C-8C21582474DD}.AppStore|ARM.Deploy.0 = Release|ARM
		{725D9F01-C17D-4292-BE4C-8C21582474DD}.AppStore|iPhone.ActiveCfg = Release|Any CPU
		{725D9F01-C17D-4292-BE4C-8C21582474DD}.AppStore|iPhone.Build.0 = Release|Any CPU
		{725D9F01-C17D-4292-BE4C-8C21582474DD}.AppStore|iPhone.Deploy.0 = Release|Any CPU
		{725D9F01-C17D-4292-BE4C-8C21582474DD}.AppStore|iPhoneSimulator.ActiveCfg = Release|Any CPU
		{725D9F01-C17D-4292-BE4C-8C21582474DD}.AppStore|iPhoneSimulator.Build.0 = Release|Any CPU
		{725D9F01-C17D-4292-BE4C-8C21582474DD}.AppStore|iPhoneSimulator.Deploy.0 = Release|Any CPU
		{725D9F01-C17D-4292-BE4C-8C21582474DD}.AppStore|x64.ActiveCfg = Release|x64
		{725D9F01-C17D-4292-BE4C-8C21582474DD}.AppStore|x64.Build.0 = Release|x64
		{725D9F01-C17D-4292-BE4C-8C21582474DD}.AppStore|x64.Deploy.0 = Release|x64
		{725D9F01-C17D-4292-BE4C-8C21582474DD}.AppStore|x86.ActiveCfg = Release|x86
		{725D9F01-C17D-4292-BE4C-8C21582474DD}.AppStore|x86.Build.0 = Release|x86
		{725D9F01-C17D-4292-BE4C-8C21582474DD}.AppStore|x86.Deploy.0 = Release|x86
		{725D9F01-C17D-4292-BE4C-8C21582474DD}.Debug|Any CPU.ActiveCfg = Debug|Any CPU
		{725D9F01-C17D-4292-BE4C-8C21582474DD}.Debug|Any CPU.Build.0 = Debug|Any CPU
		{725D9F01-C17D-4292-BE4C-8C21582474DD}.Debug|Any CPU.Deploy.0 = Debug|Any CPU
		{725D9F01-C17D-4292-BE4C-8C21582474DD}.Debug|ARM.ActiveCfg = Debug|ARM
		{725D9F01-C17D-4292-BE4C-8C21582474DD}.Debug|ARM.Build.0 = Debug|ARM
		{725D9F01-C17D-4292-BE4C-8C21582474DD}.Debug|ARM.Deploy.0 = Debug|ARM
		{725D9F01-C17D-4292-BE4C-8C21582474DD}.Debug|iPhone.ActiveCfg = Debug|Any CPU
		{725D9F01-C17D-4292-BE4C-8C21582474DD}.Debug|iPhone.Build.0 = Debug|Any CPU
		{725D9F01-C17D-4292-BE4C-8C21582474DD}.Debug|iPhone.Deploy.0 = Debug|Any CPU
		{725D9F01-C17D-4292-BE4C-8C21582474DD}.Debug|iPhoneSimulator.ActiveCfg = Debug|Any CPU
		{725D9F01-C17D-4292-BE4C-8C21582474DD}.Debug|iPhoneSimulator.Build.0 = Debug|Any CPU
		{725D9F01-C17D-4292-BE4C-8C21582474DD}.Debug|iPhoneSimulator.Deploy.0 = Debug|Any CPU
		{725D9F01-C17D-4292-BE4C-8C21582474DD}.Debug|x64.ActiveCfg = Debug|x64
		{725D9F01-C17D-4292-BE4C-8C21582474DD}.Debug|x64.Build.0 = Debug|x64
		{725D9F01-C17D-4292-BE4C-8C21582474DD}.Debug|x64.Deploy.0 = Debug|x64
		{725D9F01-C17D-4292-BE4C-8C21582474DD}.Debug|x86.ActiveCfg = Debug|x86
		{725D9F01-C17D-4292-BE4C-8C21582474DD}.Debug|x86.Build.0 = Debug|x86
		{725D9F01-C17D-4292-BE4C-8C21582474DD}.Debug|x86.Deploy.0 = Debug|x86
		{725D9F01-C17D-4292-BE4C-8C21582474DD}.Release|Any CPU.ActiveCfg = Release|Any CPU
		{725D9F01-C17D-4292-BE4C-8C21582474DD}.Release|Any CPU.Build.0 = Release|Any CPU
		{725D9F01-C17D-4292-BE4C-8C21582474DD}.Release|Any CPU.Deploy.0 = Release|Any CPU
		{725D9F01-C17D-4292-BE4C-8C21582474DD}.Release|ARM.ActiveCfg = Release|ARM
		{725D9F01-C17D-4292-BE4C-8C21582474DD}.Release|ARM.Build.0 = Release|ARM
		{725D9F01-C17D-4292-BE4C-8C21582474DD}.Release|ARM.Deploy.0 = Release|ARM
		{725D9F01-C17D-4292-BE4C-8C21582474DD}.Release|iPhone.ActiveCfg = Release|Any CPU
		{725D9F01-C17D-4292-BE4C-8C21582474DD}.Release|iPhone.Build.0 = Release|Any CPU
		{725D9F01-C17D-4292-BE4C-8C21582474DD}.Release|iPhone.Deploy.0 = Release|Any CPU
		{725D9F01-C17D-4292-BE4C-8C21582474DD}.Release|iPhoneSimulator.ActiveCfg = Release|Any CPU
		{725D9F01-C17D-4292-BE4C-8C21582474DD}.Release|iPhoneSimulator.Build.0 = Release|Any CPU
		{725D9F01-C17D-4292-BE4C-8C21582474DD}.Release|iPhoneSimulator.Deploy.0 = Release|Any CPU
		{725D9F01-C17D-4292-BE4C-8C21582474DD}.Release|x64.ActiveCfg = Release|x64
		{725D9F01-C17D-4292-BE4C-8C21582474DD}.Release|x64.Build.0 = Release|x64
		{725D9F01-C17D-4292-BE4C-8C21582474DD}.Release|x64.Deploy.0 = Release|x64
		{725D9F01-C17D-4292-BE4C-8C21582474DD}.Release|x86.ActiveCfg = Release|x86
		{725D9F01-C17D-4292-BE4C-8C21582474DD}.Release|x86.Build.0 = Release|x86
		{725D9F01-C17D-4292-BE4C-8C21582474DD}.Release|x86.Deploy.0 = Release|x86
		{7DB90A0F-399B-43CF-B702-D7FDC4AA7D11}.Ad-Hoc|Any CPU.ActiveCfg = Release|Any CPU
		{7DB90A0F-399B-43CF-B702-D7FDC4AA7D11}.Ad-Hoc|Any CPU.Build.0 = Release|Any CPU
		{7DB90A0F-399B-43CF-B702-D7FDC4AA7D11}.Ad-Hoc|ARM.ActiveCfg = Release|Any CPU
		{7DB90A0F-399B-43CF-B702-D7FDC4AA7D11}.Ad-Hoc|ARM.Build.0 = Release|Any CPU
		{7DB90A0F-399B-43CF-B702-D7FDC4AA7D11}.Ad-Hoc|iPhone.ActiveCfg = Release|Any CPU
		{7DB90A0F-399B-43CF-B702-D7FDC4AA7D11}.Ad-Hoc|iPhone.Build.0 = Release|Any CPU
		{7DB90A0F-399B-43CF-B702-D7FDC4AA7D11}.Ad-Hoc|iPhoneSimulator.ActiveCfg = Release|Any CPU
		{7DB90A0F-399B-43CF-B702-D7FDC4AA7D11}.Ad-Hoc|iPhoneSimulator.Build.0 = Release|Any CPU
		{7DB90A0F-399B-43CF-B702-D7FDC4AA7D11}.Ad-Hoc|x64.ActiveCfg = Release|Any CPU
		{7DB90A0F-399B-43CF-B702-D7FDC4AA7D11}.Ad-Hoc|x64.Build.0 = Release|Any CPU
		{7DB90A0F-399B-43CF-B702-D7FDC4AA7D11}.Ad-Hoc|x86.ActiveCfg = Release|Any CPU
		{7DB90A0F-399B-43CF-B702-D7FDC4AA7D11}.Ad-Hoc|x86.Build.0 = Release|Any CPU
		{7DB90A0F-399B-43CF-B702-D7FDC4AA7D11}.AppStore|Any CPU.ActiveCfg = Release|Any CPU
		{7DB90A0F-399B-43CF-B702-D7FDC4AA7D11}.AppStore|Any CPU.Build.0 = Release|Any CPU
		{7DB90A0F-399B-43CF-B702-D7FDC4AA7D11}.AppStore|ARM.ActiveCfg = Release|Any CPU
		{7DB90A0F-399B-43CF-B702-D7FDC4AA7D11}.AppStore|ARM.Build.0 = Release|Any CPU
		{7DB90A0F-399B-43CF-B702-D7FDC4AA7D11}.AppStore|iPhone.ActiveCfg = Release|Any CPU
		{7DB90A0F-399B-43CF-B702-D7FDC4AA7D11}.AppStore|iPhone.Build.0 = Release|Any CPU
		{7DB90A0F-399B-43CF-B702-D7FDC4AA7D11}.AppStore|iPhoneSimulator.ActiveCfg = Release|Any CPU
		{7DB90A0F-399B-43CF-B702-D7FDC4AA7D11}.AppStore|iPhoneSimulator.Build.0 = Release|Any CPU
		{7DB90A0F-399B-43CF-B702-D7FDC4AA7D11}.AppStore|x64.ActiveCfg = Release|Any CPU
		{7DB90A0F-399B-43CF-B702-D7FDC4AA7D11}.AppStore|x64.Build.0 = Release|Any CPU
		{7DB90A0F-399B-43CF-B702-D7FDC4AA7D11}.AppStore|x86.ActiveCfg = Release|Any CPU
		{7DB90A0F-399B-43CF-B702-D7FDC4AA7D11}.AppStore|x86.Build.0 = Release|Any CPU
		{7DB90A0F-399B-43CF-B702-D7FDC4AA7D11}.Debug|Any CPU.ActiveCfg = Debug|Any CPU
		{7DB90A0F-399B-43CF-B702-D7FDC4AA7D11}.Debug|Any CPU.Build.0 = Debug|Any CPU
		{7DB90A0F-399B-43CF-B702-D7FDC4AA7D11}.Debug|ARM.ActiveCfg = Debug|Any CPU
		{7DB90A0F-399B-43CF-B702-D7FDC4AA7D11}.Debug|ARM.Build.0 = Debug|Any CPU
		{7DB90A0F-399B-43CF-B702-D7FDC4AA7D11}.Debug|iPhone.ActiveCfg = Debug|Any CPU
		{7DB90A0F-399B-43CF-B702-D7FDC4AA7D11}.Debug|iPhone.Build.0 = Debug|Any CPU
		{7DB90A0F-399B-43CF-B702-D7FDC4AA7D11}.Debug|iPhoneSimulator.ActiveCfg = Debug|Any CPU
		{7DB90A0F-399B-43CF-B702-D7FDC4AA7D11}.Debug|iPhoneSimulator.Build.0 = Debug|Any CPU
		{7DB90A0F-399B-43CF-B702-D7FDC4AA7D11}.Debug|x64.ActiveCfg = Debug|Any CPU
		{7DB90A0F-399B-43CF-B702-D7FDC4AA7D11}.Debug|x64.Build.0 = Debug|Any CPU
		{7DB90A0F-399B-43CF-B702-D7FDC4AA7D11}.Debug|x86.ActiveCfg = Debug|Any CPU
		{7DB90A0F-399B-43CF-B702-D7FDC4AA7D11}.Debug|x86.Build.0 = Debug|Any CPU
		{7DB90A0F-399B-43CF-B702-D7FDC4AA7D11}.Release|Any CPU.ActiveCfg = Release|Any CPU
		{7DB90A0F-399B-43CF-B702-D7FDC4AA7D11}.Release|Any CPU.Build.0 = Release|Any CPU
		{7DB90A0F-399B-43CF-B702-D7FDC4AA7D11}.Release|ARM.ActiveCfg = Release|Any CPU
		{7DB90A0F-399B-43CF-B702-D7FDC4AA7D11}.Release|ARM.Build.0 = Release|Any CPU
		{7DB90A0F-399B-43CF-B702-D7FDC4AA7D11}.Release|iPhone.ActiveCfg = Release|Any CPU
		{7DB90A0F-399B-43CF-B702-D7FDC4AA7D11}.Release|iPhone.Build.0 = Release|Any CPU
		{7DB90A0F-399B-43CF-B702-D7FDC4AA7D11}.Release|iPhoneSimulator.ActiveCfg = Release|Any CPU
		{7DB90A0F-399B-43CF-B702-D7FDC4AA7D11}.Release|iPhoneSimulator.Build.0 = Release|Any CPU
		{7DB90A0F-399B-43CF-B702-D7FDC4AA7D11}.Release|x64.ActiveCfg = Release|Any CPU
		{7DB90A0F-399B-43CF-B702-D7FDC4AA7D11}.Release|x64.Build.0 = Release|Any CPU
		{7DB90A0F-399B-43CF-B702-D7FDC4AA7D11}.Release|x86.ActiveCfg = Release|Any CPU
		{7DB90A0F-399B-43CF-B702-D7FDC4AA7D11}.Release|x86.Build.0 = Release|Any CPU
	EndGlobalSection
	GlobalSection(SolutionProperties) = preSolution
		HideSolutionNode = FALSE
	EndGlobalSection
EndGlobal
